
Microsoft Visual Studio Solution File, Format Version 12.00
# Visual Studio 15
VisualStudioVersion = 15.0.26730.12
MinimumVisualStudioVersion = 10.0.40219.1
Project("{FAE04EC0-301F-11D3-BF4B-00C04F79EFBC}") = "door-rest-srv", "door-rest-srv\door-rest-srv.csproj", "{BB8D422B-E907-46CB-A529-B193E3FA1E5B}"
EndProject
Global
	GlobalSection(SolutionConfigurationPlatforms) = preSolution
		Debug|Any CPU = Debug|Any CPU
		Release|Any CPU = Release|Any CPU
	EndGlobalSection
	GlobalSection(ProjectConfigurationPlatforms) = postSolution
		{BB8D422B-E907-46CB-A529-B193E3FA1E5B}.Debug|Any CPU.ActiveCfg = Debug|Any CPU
		{BB8D422B-E907-46CB-A529-B193E3FA1E5B}.Debug|Any CPU.Build.0 = Debug|Any CPU
		{BB8D422B-E907-46CB-A529-B193E3FA1E5B}.Release|Any CPU.ActiveCfg = Release|Any CPU
		{BB8D422B-E907-46CB-A529-B193E3FA1E5B}.Release|Any CPU.Build.0 = Release|Any CPU
	EndGlobalSection
	GlobalSection(SolutionProperties) = preSolution
		HideSolutionNode = FALSE
	EndGlobalSection
	GlobalSection(ExtensibilityGlobals) = postSolution
		SolutionGuid = {D6F3A074-C269-429C-8978-ABBB09747FDB}
	EndGlobalSection
EndGlobal
